
Microsoft Visual Studio Solution File, Format Version 12.00
Project("{FAE04EC0-301F-11D3-BF4B-00C04F79EFBC}") = "LibraryManagementSystem", "LibraryManagementSystem\LibraryManagementSystem.csproj", "{FE51FCFD-2B2E-49DD-90BF-6368ABACC62B}"
EndProject
Project("{FAE04EC0-301F-11D3-BF4B-00C04F79EFBC}") = "Tests", "Tests\Tests.csproj", "{B64D0FF0-7C6E-4DAC-AEDE-5D9744475585}"
EndProject
Global
	GlobalSection(SolutionConfigurationPlatforms) = preSolution
		Debug|Any CPU = Debug|Any CPU
		Release|Any CPU = Release|Any CPU
	EndGlobalSection
	GlobalSection(ProjectConfigurationPlatforms) = postSolution
		{FE51FCFD-2B2E-49DD-90BF-6368ABACC62B}.Debug|Any CPU.ActiveCfg = Debug|Any CPU
		{FE51FCFD-2B2E-49DD-90BF-6368ABACC62B}.Debug|Any CPU.Build.0 = Debug|Any CPU
		{FE51FCFD-2B2E-49DD-90BF-6368ABACC62B}.Release|Any CPU.ActiveCfg = Release|Any CPU
		{FE51FCFD-2B2E-49DD-90BF-6368ABACC62B}.Release|Any CPU.Build.0 = Release|Any CPU
		{B64D0FF0-7C6E-4DAC-AEDE-5D9744475585}.Debug|Any CPU.ActiveCfg = Debug|Any CPU
		{B64D0FF0-7C6E-4DAC-AEDE-5D9744475585}.Debug|Any CPU.Build.0 = Debug|Any CPU
		{B64D0FF0-7C6E-4DAC-AEDE-5D9744475585}.Release|Any CPU.ActiveCfg = Release|Any CPU
		{B64D0FF0-7C6E-4DAC-AEDE-5D9744475585}.Release|Any CPU.Build.0 = Release|Any CPU
	EndGlobalSection
EndGlobal
